PODS:
  - dive_obslib (0.0.1):
    - FlutterMacOS
    - obslib
  - file_selector_macos (0.0.1):
    - FlutterMacOS
  - FlutterMacOS (1.0.0)
  - obslib (26.1.2-alpha.1)
  - path_provider_foundation (0.0.1):
    - Flutter
    - FlutterMacOS

DEPENDENCIES:
  - dive_obslib (from `Flutter/ephemeral/.symlinks/plugins/dive_obslib/macos`)
  - file_selector_macos (from `Flutter/ephemeral/.symlinks/plugins/file_selector_macos/macos`)
  - FlutterMacOS (from `Flutter/ephemeral`)
  - obslib (from `/Users/larry/Projects/obslib-framework`)
  - path_provider_foundation (from `Flutter/ephemeral/.symlinks/plugins/path_provider_foundation/darwin`)

EXTERNAL SOURCES:
  dive_obslib:
    :path: Flutter/ephemeral/.symlinks/plugins/dive_obslib/macos
  file_selector_macos:
    :path: Flutter/ephemeral/.symlinks/plugins/file_selector_macos/macos
  FlutterMacOS:
    :path: Flutter/ephemeral
  obslib:
    :path: "/Users/larry/Projects/obslib-framework"
  path_provider_foundation:
    :path: Flutter/ephemeral/.symlinks/plugins/path_provider_foundation/darwin

SPEC CHECKSUMS:
  dive_obslib: cab926fd057929181b2fe597e89013f06b683c74
  file_selector_macos: 468fb6b81fac7c0e88d71317f3eec34c3b008ff9
  FlutterMacOS: 8f6f14fa908a6fb3fba0cd85dbd81ec4b251fb24
  obslib: cf704b7a162b010f89f3b0bd626c1f6a65a3daba
  path_provider_foundation: 3784922295ac71e43754bd15e0653ccfd36a147c

PODFILE CHECKSUM: bed24f389d2416fafa809a339decdc6492dc6b88

COCOAPODS: 1.15.2
