PODS:
  - dive_obslib (0.0.1):
    - FlutterMacOS
    - obslib
  - FlutterMacOS (1.0.0)
  - obslib (26.1.2)

DEPENDENCIES:
  - dive_obslib (from `Flutter/ephemeral/.symlinks/plugins/dive_obslib/macos`)
  - FlutterMacOS (from `Flutter/ephemeral`)
  - obslib (from `/Users/larry/Projects/obslib-framework`)

EXTERNAL SOURCES:
  dive_obslib:
    :path: Flutter/ephemeral/.symlinks/plugins/dive_obslib/macos
  FlutterMacOS:
    :path: Flutter/ephemeral
  obslib:
    :path: "/Users/larry/Projects/obslib-framework"

SPEC CHECKSUMS:
  dive_obslib: cab926fd057929181b2fe597e89013f06b683c74
  FlutterMacOS: 8f6f14fa908a6fb3fba0cd85dbd81ec4b251fb24
  obslib: 4386ee80f17f565c35828dc62ff0903ede645faa

PODFILE CHECKSUM: bed24f389d2416fafa809a339decdc6492dc6b88

COCOAPODS: 1.11.2
